%{
  "abnf2": {:hex, :abnf2, "0.1.4", "9a424cfe94556c0e3e58b02326c39383b170dde4777913fcbdbdfcd2f1b0a97f", [:mix], [], "hexpm"},
  "arc": {:hex, :arc, "0.10.0", "b2a5dbe4e684c27ce231e2228ea2cc640420eab91dbe6e27b5ed1016a8a39975", [:mix], [{:ex_aws, "~> 2.0", [hex: :ex_aws, repo: "hexpm", optional: true]}, {:ex_aws_s3, "~> 2.0", [hex: :ex_aws_s3, repo: "hexpm", optional: true]}, {:httpoison, "~> 0.13", [hex: :httpoison, repo: "hexpm", optional: false]}, {:poison, "~> 2.2 or ~> 3.1", [hex: :poison, repo: "hexpm", optional: true]}, {:sweet_xml, "~> 0.6", [hex: :sweet_xml, repo: "hexpm", optional: true]}], "hexpm"},
  "arc_ecto": {:hex, :arc_ecto, "0.10.0", "d2efcc17c45169a13aaac3cd32115ccc832585b7942ea640083280edfd54f514", [:mix], [{:arc, "~> 0.10.0", [hex: :arc, repo: "hexpm", optional: false]}, {:ecto, "~> 2.1", [hex: :ecto, repo: "hexpm", optional: false]}], "hexpm"},
  "argon2_elixir": {:hex, :argon2_elixir, "1.3.1", "02a3d55a2670d25df25d75adcef2d74662c72bbc85aba17ca0ea585764b59ef4", [:make, :mix], [{:elixir_make, "~> 0.4", [hex: :elixir_make, repo: "hexpm", optional: false]}], "hexpm"},
  "artificery": {:hex, :artificery, "0.2.6", "f602909757263f7897130cbd006b0e40514a541b148d366ad65b89236b93497a", [:mix], [], "hexpm"},
  "aruspex": {:git, "https://github.com/oyeb/aruspex.git", "5ca5ca6057b61b2bc19a58abd3a5a656c39d0249", [branch: "tweaks"]},
  "as_nested_set": {:git, "https://github.com/SagarKarwande/as_nested_set.git", "fb1f481dad83602eca68b7a8ca95cfca71075d25", []},
  "bamboo": {:hex, :bamboo, "1.1.0", "ecbdc851d0127d369957e5ca7bcfb4c7fe7dbfaf4fa0b2e5cc2493dd8a9a600e", [:mix], [{:hackney, ">= 1.13.0", [hex: :hackney, repo: "hexpm", optional: false]}, {:plug, "~> 1.0", [hex: :plug, repo: "hexpm", optional: false]}, {:poison, ">= 1.5.0", [hex: :poison, repo: "hexpm", optional: false]}], "hexpm"},
  "bamboo_eex": {:hex, :bamboo_eex, "0.1.1", "66338071eeabd029ea665a10cac208250f12df02f8a1305a0db630b5c4b3fe7c", [:mix], [{:bamboo, ">= 0.8.0 and < 2.0.0", [hex: :bamboo, repo: "hexpm", optional: false]}], "hexpm"},
  "bamboo_smtp": {:hex, :bamboo_smtp, "1.6.0", "0a3607b77f22554af58c547350c1c73ebba6f4fb2c4bd0b11713ab5b4081588f", [:mix], [{:bamboo, "~> 1.0", [hex: :bamboo, repo: "hexpm", optional: false]}, {:gen_smtp, "~> 0.12.0", [hex: :gen_smtp, repo: "hexpm", optional: false]}], "hexpm"},
  "base64url": {:hex, :base64url, "0.0.1", "36a90125f5948e3afd7be97662a1504b934dd5dac78451ca6e9abf85a10286be", [:rebar], [], "hexpm"},
  "bcrypt_elixir": {:hex, :bcrypt_elixir, "1.0.7", "e79d84b666bfad0e461ed217860e1c7de6bc4a1ae919cdb39d473ca784817653", [:make, :mix], [{:elixir_make, "~> 0.4", [hex: :elixir_make, repo: "hexpm", optional: false]}], "hexpm"},
  "beepbop": {:git, "https://github.com/anantanant2015/beepbop.git", "8dc0cc0598cab600212e600faacb801c5337b495", [branch: "develop"]},
  "blankable": {:hex, :blankable, "0.0.1", "2e0b4667fee684f0614620d31a34bb2731341cccb27ed903e330195819ba3ba0", [:mix], [], "hexpm"},
  "bunt": {:hex, :bunt, "0.2.0", "951c6e801e8b1d2cbe58ebbd3e616a869061ddadcc4863d0a2182541acae9a38", [:mix], [], "hexpm"},
  "cachex": {:hex, :cachex, "3.1.1", "588bcf48d20eddad7bff5172f5453090a071eba3191a03f51f779f88e3ac1900", [:mix], [{:eternal, "~> 1.2", [hex: :eternal, repo: "hexpm", optional: false]}, {:jumper, "~> 1.0", [hex: :jumper, repo: "hexpm", optional: false]}, {:unsafe, "~> 1.0", [hex: :unsafe, repo: "hexpm", optional: false]}], "hexpm"},
  "certifi": {:hex, :certifi, "2.4.2", "75424ff0f3baaccfd34b1214184b6ef616d89e420b258bb0a5ea7d7bc628f7f0", [:rebar3], [{:parse_trans, "~>3.3", [hex: :parse_trans, repo: "hexpm", optional: false]}], "hexpm"},
  "combination": {:hex, :combination, "0.0.3", "746aedca63d833293ec6e835aa1f34974868829b1486b1e1cb0685f0b2ae1f41", [:mix], [], "hexpm"},
  "combine": {:hex, :combine, "0.10.0", "eff8224eeb56498a2af13011d142c5e7997a80c8f5b97c499f84c841032e429f", [:mix], [], "hexpm"},
  "comeonin": {:hex, :comeonin, "4.1.1", "c7304fc29b45b897b34142a91122bc72757bc0c295e9e824999d5179ffc08416", [:mix], [{:argon2_elixir, "~> 1.2", [hex: :argon2_elixir, repo: "hexpm", optional: true]}, {:bcrypt_elixir, "~> 0.12.1 or ~> 1.0", [hex: :bcrypt_elixir, repo: "hexpm", optional: true]}, {:pbkdf2_elixir, "~> 0.12", [hex: :pbkdf2_elixir, repo: "hexpm", optional: true]}], "hexpm"},
  "connection": {:hex, :connection, "1.0.4", "a1cae72211f0eef17705aaededacac3eb30e6625b04a6117c1b2db6ace7d5976", [:mix], [], "hexpm"},
  "corsica": {:hex, :corsica, "1.1.2", "5ad8b9dcbeeda4762d78a57c0c8c2f88e1eef8741508517c98cb79e0db1f107d", [:mix], [{:plug, "~> 1.0", [hex: :plug, repo: "hexpm", optional: false]}], "hexpm"},
  "cowboy": {:hex, :cowboy, "1.1.2", "61ac29ea970389a88eca5a65601460162d370a70018afe6f949a29dca91f3bb0", [:rebar3], [{:cowlib, "~> 1.0.2", [hex: :cowlib, repo: "hexpm", optional: false]}, {:ranch, "~> 1.3.2", [hex: :ranch, repo: "hexpm", optional: false]}], "hexpm"},
  "cowlib": {:hex, :cowlib, "1.0.2", "9d769a1d062c9c3ac753096f868ca121e2730b9a377de23dec0f7e08b1df84ee", [:make], [], "hexpm"},
  "credo": {:hex, :credo, "0.9.3", "76fa3e9e497ab282e0cf64b98a624aa11da702854c52c82db1bf24e54ab7c97a", [:mix], [{:bunt, "~> 0.2.0", [hex: :bunt, repo: "hexpm", optional: false]}, {:poison, ">= 0.0.0", [hex: :poison, repo: "hexpm", optional: false]}], "hexpm"},
  "credo_contrib": {:hex, :credo_contrib, "0.1.0", "3f9b35db78973da8c746e8ca5e653c9437b2fb4e34b07c8d1a4c8fa65539e01c", [:mix], [{:credo, "~> 0.9", [hex: :credo, repo: "hexpm", optional: false]}], "hexpm"},
  "csv": {:hex, :csv, "2.0.0", "c66fea89ba7862b94901baf0871285e9b73cad89c5fdb57a6386d2adcf29593e", [:mix], [{:parallel_stream, "~> 1.0.4", [hex: :parallel_stream, repo: "hexpm", optional: false]}], "hexpm"},
  "db_connection": {:hex, :db_connection, "1.1.3", "89b30ca1ef0a3b469b1c779579590688561d586694a3ce8792985d4d7e575a61", [:mix], [{:connection, "~> 1.0.2", [hex: :connection, repo: "hexpm", optional: false]}, {:poolboy, "~> 1.5", [hex: :poolboy, repo: "hexpm", optional: true]}, {:sbroker, "~> 1.0", [hex: :sbroker, repo: "hexpm", optional: true]}], "hexpm"},
  "decimal": {:hex, :decimal, "1.5.0", "b0433a36d0e2430e3d50291b1c65f53c37d56f83665b43d79963684865beab68", [:mix], [], "hexpm"},
  "dialyxir": {:hex, :dialyxir, "0.5.1", "b331b091720fd93e878137add264bac4f644e1ddae07a70bf7062c7862c4b952", [:mix], [], "hexpm"},
  "distillery": {:hex, :distillery, "2.0.9", "1e03e1bd97c0cd1187ce5882143fcc44812aa54d8c61b093801fab053bf07c98", [:mix], [{:artificery, "~> 0.2", [hex: :artificery, repo: "hexpm", optional: false]}], "hexpm"},
  "earmark": {:hex, :earmark, "1.2.6", "b6da42b3831458d3ecc57314dff3051b080b9b2be88c2e5aa41cd642a5b044ed", [:mix], [], "hexpm"},
  "ecto": {:hex, :ecto, "2.2.10", "e7366dc82f48f8dd78fcbf3ab50985ceeb11cb3dc93435147c6e13f2cda0992e", [:mix], [{:db_connection, "~> 1.1", [hex: :db_connection, repo: "hexpm", optional: true]}, {:decimal, "~> 1.2", [hex: :decimal, repo: "hexpm", optional: false]}, {:mariaex, "~> 0.8.0", [hex: :mariaex, repo: "hexpm", optional: true]}, {:poison, "~> 2.2 or ~> 3.0", [hex: :poison, repo: "hexpm", optional: true]}, {:poolboy, "~> 1.5", [hex: :poolboy, repo: "hexpm", optional: false]}, {:postgrex, "~> 0.13.0", [hex: :postgrex, repo: "hexpm", optional: true]}, {:sbroker, "~> 1.0", [hex: :sbroker, repo: "hexpm", optional: true]}], "hexpm"},
  "ecto_atom": {:hex, :ecto_atom, "1.0.0", "240580ad58d0c5fb2af8021a4eefab46e6f86fcd223a87590934da732abd7aec", [:mix], [{:ecto, "~> 2.1", [hex: :ecto, repo: "hexpm", optional: false]}], "hexpm"},
  "ecto_autoslug_field": {:hex, :ecto_autoslug_field, "0.5.1", "c8a160fa6e5e0002740fe1c500bcc27d10bdb073a93715ce8a01b7af8a290777", [:mix], [{:ecto, ">= 2.1.0", [hex: :ecto, repo: "hexpm", optional: false]}, {:slugger, ">= 0.2.0", [hex: :slugger, repo: "hexpm", optional: false]}], "hexpm"},
  "ecto_enum": {:hex, :ecto_enum, "1.1.0", "d44fe2ce6e1c0e907e7c3b6456a69e0f1d662348d8b4e2a662ba312223d8ff62", [:mix], [{:ecto, ">= 2.0.0", [hex: :ecto, repo: "hexpm", optional: false]}, {:mariaex, ">= 0.0.0", [hex: :mariaex, repo: "hexpm", optional: true]}, {:postgrex, ">= 0.0.0", [hex: :postgrex, repo: "hexpm", optional: true]}], "hexpm"},
  "ecto_identifier": {:hex, :ecto_identifier, "0.1.0", "0afb2a91802f1b2c07f8f1f057c50f30d430ec3ffcb70ea219142ac1ccef15dc", [:mix], [{:ecto, "~> 2.2", [hex: :ecto, repo: "hexpm", optional: false]}, {:git_hooks, "~> 0.2.0", [hex: :git_hooks, repo: "hexpm", optional: false]}, {:nanoid, "~> 1.0", [hex: :nanoid, repo: "hexpm", optional: false]}], "hexpm"},
  "elasticsearch": {:hex, :elasticsearch, "0.6.0", "bfc8841e31ccfaabeab69f4a7c6af2ea1edc17a3d36acf4a7407835492376e5b", [:mix], [{:httpoison, ">= 0.0.0", [hex: :httpoison, repo: "hexpm", optional: false]}, {:maybe, "~> 1.0.0", [hex: :maybe, repo: "hexpm", optional: false]}, {:poison, ">= 0.0.0", [hex: :poison, repo: "hexpm", optional: true]}, {:vex, "~> 0.6.0", [hex: :vex, repo: "hexpm", optional: false]}], "hexpm"},
  "elixir_make": {:hex, :elixir_make, "0.4.2", "332c649d08c18bc1ecc73b1befc68c647136de4f340b548844efc796405743bf", [:mix], [], "hexpm"},
  "elixir_xml_to_map": {:hex, :elixir_xml_to_map, "0.1.2", "e3d1bd2f6562711117ae209657f385a1c1c34c8c720c748eeba2e22815797071", [:mix], [{:erlsom, "~>1.4", [hex: :erlsom, repo: "hexpm", optional: false]}], "hexpm"},
  "elixlsx": {:hex, :elixlsx, "0.1.1", "8dfa42888b040be4970ee7101976e38cfd4b2a8a6f8775b2fef9747b0cc9e38d", [:mix], [], "hexpm"},
  "erlsom": {:hex, :erlsom, "1.4.2", "5cddb82fb512f406f61162e511ae86582f824f0dccda788378b18a00d89c1b3f", [:rebar3], [], "hexpm"},
  "eternal": {:hex, :eternal, "1.2.1", "d5b6b2499ba876c57be2581b5b999ee9bdf861c647401066d3eeed111d096bc4", [:mix], [], "hexpm"},
  "ex_aws": {:hex, :ex_aws, "2.1.0", "b92651527d6c09c479f9013caa9c7331f19cba38a650590d82ebf2c6c16a1d8a", [:mix], [{:configparser_ex, "~> 2.0", [hex: :configparser_ex, repo: "hexpm", optional: true]}, {:hackney, "1.6.3 or 1.6.5 or 1.7.1 or 1.8.6 or ~> 1.9", [hex: :hackney, repo: "hexpm", optional: true]}, {:jsx, "~> 2.8", [hex: :jsx, repo: "hexpm", optional: true]}, {:poison, ">= 1.2.0", [hex: :poison, repo: "hexpm", optional: true]}, {:sweet_xml, "~> 0.6", [hex: :sweet_xml, repo: "hexpm", optional: true]}], "hexpm"},
  "ex_aws_s3": {:hex, :ex_aws_s3, "2.0.1", "9e09366e77f25d3d88c5393824e613344631be8db0d1839faca49686e99b6704", [:mix], [{:ex_aws, "~> 2.0", [hex: :ex_aws, repo: "hexpm", optional: false]}, {:sweet_xml, ">= 0.0.0", [hex: :sweet_xml, repo: "hexpm", optional: true]}], "hexpm"},
  "ex_cldr": {:hex, :ex_cldr, "1.6.4", "28b0aebdc38bb04414fce24679365a9355d1fce3ca731c7273d34927c6bdb8ce", [:mix], [{:abnf2, "~> 0.1", [hex: :abnf2, repo: "hexpm", optional: false]}, {:decimal, "~> 1.4", [hex: :decimal, repo: "hexpm", optional: false]}, {:gettext, "~> 0.13", [hex: :gettext, repo: "hexpm", optional: true]}, {:jason, "~> 1.0", [hex: :jason, repo: "hexpm", optional: true]}, {:phoenix, "~> 1.3", [hex: :phoenix, repo: "hexpm", optional: true]}, {:plug, "~> 1.4", [hex: :plug, repo: "hexpm", optional: true]}, {:poison, "~> 2.1 or ~> 3.0", [hex: :poison, repo: "hexpm", optional: true]}, {:sweet_xml, "~> 0.6", [hex: :sweet_xml, repo: "hexpm", optional: true]}], "hexpm"},
  "ex_cldr_currencies": {:hex, :ex_cldr_currencies, "1.0.0", "471c6374cef63baec483bbca68e11ac804f66f1efa97c9885cff9be4b04d9ec4", [:mix], [{:ex_cldr, "~> 1.5", [hex: :ex_cldr, repo: "hexpm", optional: false]}, {:jason, "~> 1.0", [hex: :jason, repo: "hexpm", optional: true]}, {:poison, "~> 2.1 or ~> 3.1", [hex: :poison, repo: "hexpm", optional: true]}], "hexpm"},
  "ex_cldr_numbers": {:hex, :ex_cldr_numbers, "1.5.1", "3ed4f9bacccb01821a1532f256ab3da3f8ffc4870c3ea05630293ed4ccc27646", [:mix], [{:decimal, "~> 1.4", [hex: :decimal, repo: "hexpm", optional: false]}, {:ex_cldr, "~> 1.5", [hex: :ex_cldr, repo: "hexpm", optional: false]}, {:ex_cldr_currencies, "~> 1.0", [hex: :ex_cldr_currencies, repo: "hexpm", optional: false]}, {:jason, "~> 1.0", [hex: :jason, repo: "hexpm", optional: true]}, {:poison, "~> 2.1 or ~> 3.1", [hex: :poison, repo: "hexpm", optional: true]}], "hexpm"},
  "ex_doc": {:hex, :ex_doc, "0.19.1", "519bb9c19526ca51d326c060cb1778d4a9056b190086a8c6c115828eaccea6cf", [:mix], [{:earmark, "~> 1.1", [hex: :earmark, repo: "hexpm", optional: false]}, {:makeup_elixir, "~> 0.7", [hex: :makeup_elixir, repo: "hexpm", optional: false]}], "hexpm"},
  "ex_machina": {:hex, :ex_machina, "2.2.0", "fec496331e04fc2db2a1a24fe317c12c0c4a50d2beb8ebb3531ed1f0d84be0ed", [:mix], [{:ecto, "~> 2.1", [hex: :ecto, repo: "hexpm", optional: true]}], "hexpm"},
  "ex_money": {:hex, :ex_money, "2.6.1", "d9b5cd9c44c3f7707ce30682a969be325c638b31a25785be395241c156c7f36e", [:mix], [{:decimal, "~> 1.4", [hex: :decimal, repo: "hexpm", optional: false]}, {:ecto, "~> 2.1", [hex: :ecto, repo: "hexpm", optional: true]}, {:ex_cldr, "~> 1.6", [hex: :ex_cldr, repo: "hexpm", optional: false]}, {:ex_cldr_numbers, "~> 1.4", [hex: :ex_cldr_numbers, repo: "hexpm", optional: false]}, {:gringotts, "~>1.1", [hex: :gringotts, repo: "hexpm", optional: true]}, {:jason, "~> 1.0", [hex: :jason, repo: "hexpm", optional: true]}, {:phoenix_html, "~> 2.0", [hex: :phoenix_html, repo: "hexpm", optional: true]}, {:poison, "~> 2.2 or ~> 3.1", [hex: :poison, repo: "hexpm", optional: true]}], "hexpm"},
  "ex_region": {:git, "https://github.com/oyeb/ex_region.git", "d49b861c4df9f3fa5fc108d9f84b6b9e293789ce", [branch: "embed-json"]},
  "excoveralls": {:hex, :excoveralls, "0.8.2", "b941a08a1842d7aa629e0bbc969186a4cefdd035bad9fe15d43aaaaaeb8fae36", [:mix], [{:exjsx, ">= 3.0.0", [hex: :exjsx, repo: "hexpm", optional: false]}, {:hackney, ">= 0.12.0", [hex: :hackney, repo: "hexpm", optional: false]}], "hexpm"},
  "exjsx": {:hex, :exjsx, "4.0.0", "60548841e0212df401e38e63c0078ec57b33e7ea49b032c796ccad8cde794b5c", [:mix], [{:jsx, "~> 2.8.0", [hex: :jsx, repo: "hexpm", optional: false]}], "hexpm"},
  "exyz": {:hex, :exyz, "1.0.0", "9cc0cbdd0480c261a5d05ff72b294968b9ff69983efc392b78f6e584acfaf957", [:mix], [], "hexpm"},
  "file_system": {:hex, :file_system, "0.2.6", "fd4dc3af89b9ab1dc8ccbcc214a0e60c41f34be251d9307920748a14bf41f1d3", [:mix], [], "hexpm"},
  "floki": {:hex, :floki, "0.20.4", "be42ac911fece24b4c72f3b5846774b6e61b83fe685c2fc9d62093277fb3bc86", [:mix], [{:html_entities, "~> 0.4.0", [hex: :html_entities, repo: "hexpm", optional: false]}, {:mochiweb, "~> 2.15", [hex: :mochiweb, repo: "hexpm", optional: false]}], "hexpm"},
  "gen_smtp": {:hex, :gen_smtp, "0.12.0", "97d44903f5ca18ca85cb39aee7d9c77e98d79804bbdef56078adcf905cb2ef00", [:rebar3], [], "hexpm"},
  "gettext": {:hex, :gettext, "0.16.0", "4a7e90408cef5f1bf57c5a39e2db8c372a906031cc9b1466e963101cb927dafc", [:mix], [], "hexpm"},
  "git_hooks": {:hex, :git_hooks, "0.2.0", "3e437954b8dd8d63c723c25b6ae412766ad957a628d2c0aa3fd58cdf941c66c9", [:mix], [{:blankable, "~> 0.0.1", [hex: :blankable, repo: "hexpm", optional: false]}, {:recase, "~> 0.2", [hex: :recase, repo: "hexpm", optional: false]}], "hexpm"},
  "gringotts": {:hex, :gringotts, "1.1.0", "2139543a33b131fac1b0bd94e6c2ff2190178b9f5b58cf71a8577f785b7fcbaf", [:mix], [{:decimal, "~> 1.0", [hex: :decimal, repo: "hexpm", optional: true]}, {:elixir_xml_to_map, "~> 0.1", [hex: :elixir_xml_to_map, repo: "hexpm", optional: false]}, {:httpoison, "~> 0.13", [hex: :httpoison, repo: "hexpm", optional: false]}, {:poison, "~> 3.1.0", [hex: :poison, repo: "hexpm", optional: false]}, {:timex, "~> 3.2", [hex: :timex, repo: "hexpm", optional: false]}, {:xml_builder, "~> 2.1", [hex: :xml_builder, repo: "hexpm", optional: false]}], "hexpm"},
  "guardian": {:hex, :guardian, "1.1.1", "be14c4007eaf05268251ae114030cb7237ed9a9631c260022f020164ff4ed733", [:mix], [{:jose, "~> 1.8", [hex: :jose, repo: "hexpm", optional: false]}, {:phoenix, "~> 1.0 or ~> 1.2 or ~> 1.3", [hex: :phoenix, repo: "hexpm", optional: true]}, {:plug, "~> 1.3.3 or ~> 1.4", [hex: :plug, repo: "hexpm", optional: true]}, {:poison, "~> 2.2 or ~> 3.0", [hex: :poison, repo: "hexpm", optional: false]}], "hexpm"},
  "hackney": {:hex, :hackney, "1.14.3", "b5f6f5dcc4f1fba340762738759209e21914516df6be440d85772542d4a5e412", [:rebar3], [{:certifi, "2.4.2", [hex: :certifi, repo: "hexpm", optional: false]}, {:idna, "6.0.0", [hex: :idna, repo: "hexpm", optional: false]}, {:metrics, "1.0.1", [hex: :metrics, repo: "hexpm", optional: false]}, {:mimerl, "1.0.2", [hex: :mimerl, repo: "hexpm", optional: false]}, {:ssl_verify_fun, "1.1.4", [hex: :ssl_verify_fun, repo: "hexpm", optional: false]}], "hexpm"},
  "honeydew": {:hex, :honeydew, "1.2.6", "0315f96547c2d79eb7926f0b213da7170258d38825fcd62030157fe258d931a1", [:mix], [{:ecto, "~> 2.0", [hex: :ecto, repo: "hexpm", optional: true]}], "hexpm"},
  "html_entities": {:hex, :html_entities, "0.4.0", "f2fee876858cf6aaa9db608820a3209e45a087c5177332799592142b50e89a6b", [:mix], [], "hexpm"},
  "httpoison": {:hex, :httpoison, "0.13.0", "bfaf44d9f133a6599886720f3937a7699466d23bb0cd7a88b6ba011f53c6f562", [:mix], [{:hackney, "~> 1.8", [hex: :hackney, repo: "hexpm", optional: false]}], "hexpm"},
  "httpotion": {:hex, :httpotion, "3.1.0", "14d20d9b0ce4e86e253eb91e4af79e469ad949f57a5d23c0a51b2f86559f6589", [:mix], [{:ibrowse, "~> 4.4", [hex: :ibrowse, repo: "hexpm", optional: false]}], "hexpm"},
  "ibrowse": {:hex, :ibrowse, "4.4.0", "2d923325efe0d2cb09b9c6a047b2835a5eda69d8a47ed6ff8bc03628b764e991", [:rebar3], [], "hexpm"},
  "idna": {:hex, :idna, "6.0.0", "689c46cbcdf3524c44d5f3dde8001f364cd7608a99556d8fbd8239a5798d4c10", [:rebar3], [{:unicode_util_compat, "0.4.1", [hex: :unicode_util_compat, repo: "hexpm", optional: false]}], "hexpm"},
  "inch_ex": {:hex, :inch_ex, "0.5.6", "418357418a553baa6d04eccd1b44171936817db61f4c0840112b420b8e378e67", [:mix], [{:poison, "~> 1.5 or ~> 2.0 or ~> 3.0", [hex: :poison, repo: "hexpm", optional: false]}], "hexpm"},
  "inflex": {:hex, :inflex, "1.10.0", "8366a7696e70e1813aca102e61274addf85d99f4a072b2f9c7984054ea1b9d29", [:mix], [], "hexpm"},
  "ja_serializer": {:hex, :ja_serializer, "0.13.0", "d098af07f4ba6f35c0dc602f6e454d19985bd750d208629438bceca2f6d2a627", [:mix], [{:inflex, "~> 1.4", [hex: :inflex, repo: "hexpm", optional: false]}, {:plug, "> 1.0.0", [hex: :plug, repo: "hexpm", optional: false]}, {:poison, ">= 1.4.0", [hex: :poison, repo: "hexpm", optional: false]}, {:scrivener, "~> 1.2 or ~> 2.0", [hex: :scrivener, repo: "hexpm", optional: true]}], "hexpm"},
  "jason": {:hex, :jason, "1.1.1", "d3ccb840dfb06f2f90a6d335b536dd074db748b3e7f5b11ab61d239506585eb2", [:mix], [{:decimal, "~> 1.0", [hex: :decimal, repo: "hexpm", optional: true]}], "hexpm"},
  "jose": {:hex, :jose, "1.8.4", "7946d1e5c03a76ac9ef42a6e6a20001d35987afd68c2107bcd8f01a84e75aa73", [:mix, :rebar3], [{:base64url, "~> 0.0.1", [hex: :base64url, repo: "hexpm", optional: false]}], "hexpm"},
  "jsx": {:hex, :jsx, "2.8.3", "a05252d381885240744d955fbe3cf810504eb2567164824e19303ea59eef62cf", [:mix, :rebar3], [], "hexpm"},
  "jumper": {:hex, :jumper, "1.0.1", "3c00542ef1a83532b72269fab9f0f0c82bf23a35e27d278bfd9ed0865cecabff", [:mix], [], "hexpm"},
  "makeup": {:hex, :makeup, "0.5.5", "9e08dfc45280c5684d771ad58159f718a7b5788596099bdfb0284597d368a882", [:mix], [{:nimble_parsec, "~> 0.4", [hex: :nimble_parsec, repo: "hexpm", optional: false]}], "hexpm"},
  "makeup_elixir": {:hex, :makeup_elixir, "0.10.0", "0f09c2ddf352887a956d84f8f7e702111122ca32fbbc84c2f0569b8b65cbf7fa", [:mix], [{:makeup, "~> 0.5.5", [hex: :makeup, repo: "hexpm", optional: false]}], "hexpm"},
  "mariaex": {:hex, :mariaex, "0.8.4", "5dd42a600c3949ec020cfac162a815115c9e9e406abffc1b14ffdc611d6f84bc", [:mix], [{:db_connection, "~> 1.1", [hex: :db_connection, repo: "hexpm", optional: false]}, {:decimal, "~> 1.0", [hex: :decimal, repo: "hexpm", optional: false]}, {:poison, ">= 0.0.0", [hex: :poison, repo: "hexpm", optional: true]}], "hexpm"},
  "maybe": {:hex, :maybe, "1.0.0", "65311dd7e16659579116666b268d03d7e1d1b3da8776c81a6b199de7177b43d6", [:mix], [], "hexpm"},
  "meck": {:hex, :meck, "0.8.13", "ffedb39f99b0b99703b8601c6f17c7f76313ee12de6b646e671e3188401f7866", [:rebar3], [], "hexpm"},
  "metrics": {:hex, :metrics, "1.0.1", "25f094dea2cda98213cecc3aeff09e940299d950904393b2a29d191c346a8486", [:rebar3], [], "hexpm"},
  "mime": {:hex, :mime, "1.3.0", "5e8d45a39e95c650900d03f897fbf99ae04f60ab1daa4a34c7a20a5151b7a5fe", [:mix], [], "hexpm"},
  "mimerl": {:hex, :mimerl, "1.0.2", "993f9b0e084083405ed8252b99460c4f0563e41729ab42d9074fd5e52439be88", [:rebar3], [], "hexpm"},
  "misc_random": {:hex, :misc_random, "0.2.6", "959981142c96005731ed8b7df2440f5563a31c3a159edd5769fe28c77e3e0af7", [:mix], [], "hexpm"},
  "mochiweb": {:hex, :mochiweb, "2.18.0", "eb55f1db3e6e960fac4e6db4e2db9ec3602cc9f30b86cd1481d56545c3145d2e", [:rebar3], [], "hexpm"},
  "mock": {:hex, :mock, "0.3.2", "e98e998fd76c191c7e1a9557c8617912c53df3d4a6132f561eb762b699ef59fa", [:mix], [{:meck, "~> 0.8.8", [hex: :meck, repo: "hexpm", optional: false]}], "hexpm"},
  "mox": {:hex, :mox, "0.4.0", "7f120840f7d626184a3d65de36189ca6f37d432e5d63acd80045198e4c5f7e6e", [:mix], [], "hexpm"},
  "msgpax": {:hex, :msgpax, "2.1.1", "833bc9ce6d3e073cf966fec94d3f976ca7100685b4f0efb6e30ef512f2e8a4d7", [:mix], [{:plug, "~> 1.0", [hex: :plug, repo: "hexpm", optional: true]}], "hexpm"},
  "nanoid": {:hex, :nanoid, "1.0.1", "4f9bcecfbc0046795e1084e85b3d25da3721b36b949a672736492c5dfe901062", [:mix], [], "hexpm"},
  "nimble_csv": {:hex, :nimble_csv, "0.1.1", "15b20120cba14f25c33a85a2ae41413e4aa9d2f6cf24b09e9befb9fc2a8a8013", [:mix], [], "hexpm"},
  "nimble_parsec": {:hex, :nimble_parsec, "0.4.0", "ee261bb53214943679422be70f1658fff573c5d0b0a1ecd0f18738944f818efe", [:mix], [], "hexpm"},
  "oauther": {:hex, :oauther, "1.1.1", "7d8b16167bb587ecbcddd3f8792beb9ec3e7b65c1f8ebd86b8dd25318d535752", [:mix], [], "hexpm"},
  "parallel_stream": {:hex, :parallel_stream, "1.0.6", "b967be2b23f0f6787fab7ed681b4c45a215a81481fb62b01a5b750fa8f30f76c", [:mix], [], "hexpm"},
  "params": {:hex, :params, "2.1.0", "fd22d84a26969b1595e6bc3548598690359a724ee7bac421150feb39a784098b", [:mix], [{:ecto, "~> 2.0", [hex: :ecto, repo: "hexpm", optional: false]}], "hexpm"},
  "parse_trans": {:hex, :parse_trans, "3.3.0", "09765507a3c7590a784615cfd421d101aec25098d50b89d7aa1d66646bc571c1", [:rebar3], [], "hexpm"},
  "pdf_generator": {:hex, :pdf_generator, "0.4.0", "318ad0023ada8734e43925a3323ff60cb918aa358c421cd150272fb61d9ff3df", [:mix], [{:porcelain, "~> 2.0", [hex: :porcelain, repo: "hexpm", optional: false]}], "hexpm"},
  "phoenix": {:hex, :phoenix, "1.3.4", "aaa1b55e5523083a877bcbe9886d9ee180bf2c8754905323493c2ac325903dc5", [:mix], [{:cowboy, "~> 1.0", [hex: :cowboy, repo: "hexpm", optional: true]}, {:phoenix_pubsub, "~> 1.0", [hex: :phoenix_pubsub, repo: "hexpm", optional: false]}, {:plug, "~> 1.3.3 or ~> 1.4", [hex: :plug, repo: "hexpm", optional: false]}, {:poison, "~> 2.2 or ~> 3.0", [hex: :poison, repo: "hexpm", optional: false]}], "hexpm"},
  "phoenix_ecto": {:hex, :phoenix_ecto, "3.4.0", "91cd39427006fe4b5588d69f0941b9c3d3d8f5e6477c563a08379de7de2b0c58", [:mix], [{:ecto, "~> 2.1", [hex: :ecto, repo: "hexpm", optional: false]}, {:phoenix_html, "~> 2.9", [hex: :phoenix_html, repo: "hexpm", optional: true]}, {:plug, "~> 1.0", [hex: :plug, repo: "hexpm", optional: false]}], "hexpm"},
  "phoenix_html": {:hex, :phoenix_html, "2.12.0", "1fb3c2e48b4b66d75564d8d63df6d53655469216d6b553e7e14ced2b46f97622", [:mix], [{:plug, "~> 1.5", [hex: :plug, repo: "hexpm", optional: false]}], "hexpm"},
  "phoenix_live_reload": {:hex, :phoenix_live_reload, "1.1.5", "8d4c9b1ef9ca82deee6deb5a038d6d8d7b34b9bb909d99784a49332e0d15b3dc", [:mix], [{:file_system, "~> 0.2.1 or ~> 0.3", [hex: :file_system, repo: "hexpm", optional: false]}, {:phoenix, "~> 1.0 or ~> 1.2 or ~> 1.3", [hex: :phoenix, repo: "hexpm", optional: false]}], "hexpm"},
  "phoenix_pubsub": {:hex, :phoenix_pubsub, "1.1.0", "d55e25ff1ff8ea2f9964638366dfd6e361c52dedfd50019353598d11d4441d14", [:mix], [], "hexpm"},
  "phoenix_swoosh": {:hex, :phoenix_swoosh, "0.2.0", "a7e0b32077cd6d2323ae15198839b05d9caddfa20663fd85787479e81f89520e", [:mix], [{:phoenix, "~> 1.0", [hex: :phoenix, repo: "hexpm", optional: false]}, {:phoenix_html, "~> 2.2", [hex: :phoenix_html, repo: "hexpm", optional: false]}, {:swoosh, "~> 0.1", [hex: :swoosh, repo: "hexpm", optional: false]}], "hexpm"},
  "plug": {:hex, :plug, "1.6.3", "43088304337b9e8b8bd22a0383ca2f633519697e4c11889285538148f42cbc5e", [:mix], [{:cowboy, "~> 1.0.1 or ~> 1.1 or ~> 2.4", [hex: :cowboy, repo: "hexpm", optional: true]}, {:mime, "~> 1.0", [hex: :mime, repo: "hexpm", optional: false]}], "hexpm"},
  "poison": {:hex, :poison, "3.1.0", "d9eb636610e096f86f25d9a46f35a9facac35609a7591b3be3326e99a0484665", [:mix], [], "hexpm"},
  "poolboy": {:hex, :poolboy, "1.5.1", "6b46163901cfd0a1b43d692657ed9d7e599853b3b21b95ae5ae0a777cf9b6ca8", [:rebar], [], "hexpm"},
  "porcelain": {:hex, :porcelain, "2.0.3", "2d77b17d1f21fed875b8c5ecba72a01533db2013bd2e5e62c6d286c029150fdc", [:mix], [], "hexpm"},
  "postgrex": {:hex, :postgrex, "0.13.5", "3d931aba29363e1443da167a4b12f06dcd171103c424de15e5f3fc2ba3e6d9c5", [:mix], [{:connection, "~> 1.0", [hex: :connection, repo: "hexpm", optional: false]}, {:db_connection, "~> 1.1", [hex: :db_connection, repo: "hexpm", optional: false]}, {:decimal, "~> 1.0", [hex: :decimal, repo: "hexpm", optional: false]}], "hexpm"},
  "ranch": {:hex, :ranch, "1.3.2", "e4965a144dc9fbe70e5c077c65e73c57165416a901bd02ea899cfd95aa890986", [:rebar3], [], "hexpm"},
  "recase": {:hex, :recase, "0.3.0", "a3a6b2bfc9a1c3047b6f37d49ea52027ea59fd256505254b8e9d63c68d09ab89", [:mix], [], "hexpm"},
  "rummage_ecto": {:hex, :rummage_ecto, "2.0.0-rc.0", "db7b57a303f98cf5f5326881ecb9349d06ddb3116843e0d4099a40901be27038", [:mix], [{:ecto, "~> 2.2", [hex: :ecto, repo: "hexpm", optional: false]}], "hexpm"},
  "sentry": {:hex, :sentry, "7.0.1", "cf18bfd6df2f5ea7f184d25f1d37fc20b85346ee1ccd28c784412413370e061a", [:mix], [{:hackney, "~> 1.8 or 1.6.5", [hex: :hackney, repo: "hexpm", optional: false]}, {:jason, "~> 1.1", [hex: :jason, repo: "hexpm", optional: true]}, {:phoenix, "~> 1.3", [hex: :phoenix, repo: "hexpm", optional: true]}, {:plug, "~> 1.6", [hex: :plug, repo: "hexpm", optional: true]}], "hexpm"},
  "slugger": {:hex, :slugger, "0.3.0", "efc667ab99eee19a48913ccf3d038b1fb9f165fa4fbf093be898b8099e61b6ed", [:mix], [], "hexpm"},
  "snitch_payments": {:git, "https://github.com/aviacommerce/avia_payments.git", "0f4fcb70a5142377e9d5fc1e8115932b5bc6822d", [branch: "develop"]},
  "ssl_verify_fun": {:hex, :ssl_verify_fun, "1.1.4", "f0eafff810d2041e93f915ef59899c923f4568f4585904d010387ed74988e77b", [:make, :mix, :rebar3], [], "hexpm"},
  "sweet_xml": {:hex, :sweet_xml, "0.6.5", "dd9cde443212b505d1b5f9758feb2000e66a14d3c449f04c572f3048c66e6697", [:mix], [], "hexpm"},
  "swoosh": {:hex, :swoosh, "0.20.0", "9a6c13822c9815993c03b6f8fccc370fcffb3c158d9754f67b1fdee6b3a5d928", [:mix], [{:cowboy, "~> 1.0.1 or ~> 1.1 or ~> 2.4", [hex: :cowboy, repo: "hexpm", optional: true]}, {:gen_smtp, "~> 0.12", [hex: :gen_smtp, repo: "hexpm", optional: true]}, {:hackney, "~> 1.9", [hex: :hackney, repo: "hexpm", optional: false]}, {:jason, "~> 1.0", [hex: :jason, repo: "hexpm", optional: false]}, {:mime, "~> 1.1", [hex: :mime, repo: "hexpm", optional: false]}, {:plug, "~> 1.4", [hex: :plug, repo: "hexpm", optional: true]}], "hexpm"},
  "timex": {:hex, :timex, "3.4.1", "e63fc1a37453035e534c3febfe9b6b9e18583ec7b37fd9c390efdef97397d70b", [:mix], [{:combine, "~> 0.10", [hex: :combine, repo: "hexpm", optional: false]}, {:gettext, "~> 0.10", [hex: :gettext, repo: "hexpm", optional: false]}, {:tzdata, "~> 0.1.8 or ~> 0.5", [hex: :tzdata, repo: "hexpm", optional: false]}], "hexpm"},
  "triplex": {:git, "https://github.com/ramansah/triplex.git", "0b91ec78b8a147cba405e576a821d0fe86b82ca0", []},
  "tzdata": {:hex, :tzdata, "0.5.19", "7962a3997bf06303b7d1772988ede22260f3dae1bf897408ebdac2b4435f4e6a", [:mix], [{:hackney, "~> 1.0", [hex: :hackney, repo: "hexpm", optional: false]}], "hexpm"},
  "unicode_util_compat": {:hex, :unicode_util_compat, "0.4.1", "d869e4c68901dd9531385bb0c8c40444ebf624e60b6962d95952775cac5e90cd", [:rebar3], [], "hexpm"},
  "unsafe": {:hex, :unsafe, "1.0.1", "a27e1874f72ee49312e0a9ec2e0b27924214a05e3ddac90e91727bc76f8613d8", [:mix], [], "hexpm"},
  "uuid": {:hex, :uuid, "1.1.8", "e22fc04499de0de3ed1116b770c7737779f226ceefa0badb3592e64d5cfb4eb9", [:mix], [], "hexpm"},
  "vex": {:hex, :vex, "0.6.0", "4e79b396b2ec18cd909eed0450b19108d9631842598d46552dc05031100b7a56", [:mix], [], "hexpm"},
  "xml_builder": {:hex, :xml_builder, "2.1.0", "c249d5339427c13cae11e9d9d0e8b40d25d228b9ecc54029f24017385e60280b", [:mix], [], "hexpm"},
  "yamerl": {:hex, :yamerl, "0.7.0", "e51dba652dce74c20a88294130b48051ebbbb0be7d76f22de064f0f3ccf0aaf5", [:rebar3], [], "hexpm"},
  "yaml_elixir": {:hex, :yaml_elixir, "2.1.0", "79ec163e0f379dadf4b0e8b5162567dc1feb96c3cfa793105869e2c616ab4342", [:mix], [{:yamerl, "~> 0.7", [hex: :yamerl, repo: "hexpm", optional: false]}], "hexpm"},
  "zipper_tree": {:hex, :zipper_tree, "0.1.1", "e4d4a2bfdf958fea0aaf844e1b3ef457ea11d6331ba77a043b6b5606f6222a47", [:mix], [], "hexpm"},
}
