%{
  "abnf2": {:hex, :abnf2, "0.1.2", "6f8792b8ac3288dba5fc889c2bceae9fe78f74e1a7b36bea9726ffaa9d7bef95", [:mix], [], "hexpm"},
  "argon2_elixir": {:hex, :argon2_elixir, "1.3.1", "02a3d55a2670d25df25d75adcef2d74662c72bbc85aba17ca0ea585764b59ef4", [:make, :mix], [{:elixir_make, "~> 0.4", [hex: :elixir_make, repo: "hexpm", optional: false]}], "hexpm"},
  "aruspex": {:git, "https://github.com/oyeb/aruspex.git", "5ca5ca6057b61b2bc19a58abd3a5a656c39d0249", [branch: "tweaks"]},
  "as_nested_set": {:git, "https://github.com/SagarKarwande/as_nested_set.git", "fb1f481dad83602eca68b7a8ca95cfca71075d25", []},
  "base64url": {:hex, :base64url, "0.0.1", "36a90125f5948e3afd7be97662a1504b934dd5dac78451ca6e9abf85a10286be", [:rebar], [], "hexpm"},
  "bcrypt_elixir": {:hex, :bcrypt_elixir, "1.0.7", "e79d84b666bfad0e461ed217860e1c7de6bc4a1ae919cdb39d473ca784817653", [:make, :mix], [{:elixir_make, "~> 0.4", [hex: :elixir_make, repo: "hexpm", optional: false]}], "hexpm"},
  "beepbop": {:git, "https://github.com/oyeb/beepbop.git", "221c04e597fda726b3d36c92603096e05787b46d", [branch: "develop"]},
  "blankable": {:hex, :blankable, "0.0.1", "2e0b4667fee684f0614620d31a34bb2731341cccb27ed903e330195819ba3ba0", [:mix], [], "hexpm"},
  "bunt": {:hex, :bunt, "0.2.0", "951c6e801e8b1d2cbe58ebbd3e616a869061ddadcc4863d0a2182541acae9a38", [:mix], [], "hexpm"},
  "certifi": {:hex, :certifi, "2.3.1", "d0f424232390bf47d82da8478022301c561cf6445b5b5fb6a84d49a9e76d2639", [:rebar3], [{:parse_trans, "3.2.0", [hex: :parse_trans, repo: "hexpm", optional: false]}], "hexpm"},
  "comeonin": {:hex, :comeonin, "4.1.1", "c7304fc29b45b897b34142a91122bc72757bc0c295e9e824999d5179ffc08416", [:mix], [{:argon2_elixir, "~> 1.2", [hex: :argon2_elixir, repo: "hexpm", optional: true]}, {:bcrypt_elixir, "~> 0.12.1 or ~> 1.0", [hex: :bcrypt_elixir, repo: "hexpm", optional: true]}, {:pbkdf2_elixir, "~> 0.12", [hex: :pbkdf2_elixir, repo: "hexpm", optional: true]}], "hexpm"},
  "connection": {:hex, :connection, "1.0.4", "a1cae72211f0eef17705aaededacac3eb30e6625b04a6117c1b2db6ace7d5976", [:mix], [], "hexpm"},
  "corsica": {:hex, :corsica, "1.1.2", "5ad8b9dcbeeda4762d78a57c0c8c2f88e1eef8741508517c98cb79e0db1f107d", [:mix], [{:plug, "~> 1.0", [hex: :plug, repo: "hexpm", optional: false]}], "hexpm"},
  "cowboy": {:hex, :cowboy, "1.1.2", "61ac29ea970389a88eca5a65601460162d370a70018afe6f949a29dca91f3bb0", [:rebar3], [{:cowlib, "~> 1.0.2", [hex: :cowlib, repo: "hexpm", optional: false]}, {:ranch, "~> 1.3.2", [hex: :ranch, repo: "hexpm", optional: false]}], "hexpm"},
  "cowlib": {:hex, :cowlib, "1.0.2", "9d769a1d062c9c3ac753096f868ca121e2730b9a377de23dec0f7e08b1df84ee", [:make], [], "hexpm"},
  "credo": {:hex, :credo, "0.9.3", "76fa3e9e497ab282e0cf64b98a624aa11da702854c52c82db1bf24e54ab7c97a", [:mix], [{:bunt, "~> 0.2.0", [hex: :bunt, repo: "hexpm", optional: false]}, {:poison, ">= 0.0.0", [hex: :poison, repo: "hexpm", optional: false]}], "hexpm"},
  "credo_contrib": {:hex, :credo_contrib, "0.1.0-rc3", "bb62fb52667ee1a99602413c60558b02d136b7f51b665865d4ac0a48c18f80f7", [:mix], [{:credo, "~> 0.9.0-rc", [hex: :credo, repo: "hexpm", optional: false]}], "hexpm"},
  "db_connection": {:hex, :db_connection, "1.1.3", "89b30ca1ef0a3b469b1c779579590688561d586694a3ce8792985d4d7e575a61", [:mix], [{:connection, "~> 1.0.2", [hex: :connection, repo: "hexpm", optional: false]}, {:poolboy, "~> 1.5", [hex: :poolboy, repo: "hexpm", optional: true]}, {:sbroker, "~> 1.0", [hex: :sbroker, repo: "hexpm", optional: true]}], "hexpm"},
  "decimal": {:hex, :decimal, "1.5.0", "b0433a36d0e2430e3d50291b1c65f53c37d56f83665b43d79963684865beab68", [:mix], [], "hexpm"},
  "dialyxir": {:hex, :dialyxir, "0.5.1", "b331b091720fd93e878137add264bac4f644e1ddae07a70bf7062c7862c4b952", [:mix], [], "hexpm"},
  "earmark": {:hex, :earmark, "1.2.5", "4d21980d5d2862a2e13ec3c49ad9ad783ffc7ca5769cf6ff891a4553fbaae761", [:mix], [], "hexpm"},
  "ecto": {:hex, :ecto, "2.2.10", "e7366dc82f48f8dd78fcbf3ab50985ceeb11cb3dc93435147c6e13f2cda0992e", [:mix], [{:db_connection, "~> 1.1", [hex: :db_connection, repo: "hexpm", optional: true]}, {:decimal, "~> 1.2", [hex: :decimal, repo: "hexpm", optional: false]}, {:mariaex, "~> 0.8.0", [hex: :mariaex, repo: "hexpm", optional: true]}, {:poison, "~> 2.2 or ~> 3.0", [hex: :poison, repo: "hexpm", optional: true]}, {:poolboy, "~> 1.5", [hex: :poolboy, repo: "hexpm", optional: false]}, {:postgrex, "~> 0.13.0", [hex: :postgrex, repo: "hexpm", optional: true]}, {:sbroker, "~> 1.0", [hex: :sbroker, repo: "hexpm", optional: true]}], "hexpm"},
  "ecto_atom": {:hex, :ecto_atom, "1.0.0", "240580ad58d0c5fb2af8021a4eefab46e6f86fcd223a87590934da732abd7aec", [:mix], [{:ecto, "~> 2.1", [hex: :ecto, repo: "hexpm", optional: false]}], "hexpm"},
  "ecto_autoslug_field": {:hex, :ecto_autoslug_field, "0.5.1", "c8a160fa6e5e0002740fe1c500bcc27d10bdb073a93715ce8a01b7af8a290777", [:mix], [{:ecto, ">= 2.1.0", [hex: :ecto, repo: "hexpm", optional: false]}, {:slugger, ">= 0.2.0", [hex: :slugger, repo: "hexpm", optional: false]}], "hexpm"},
  "ecto_identifier": {:hex, :ecto_identifier, "0.1.0", "0afb2a91802f1b2c07f8f1f057c50f30d430ec3ffcb70ea219142ac1ccef15dc", [:mix], [{:ecto, "~> 2.2", [hex: :ecto, repo: "hexpm", optional: false]}, {:git_hooks, "~> 0.2.0", [hex: :git_hooks, repo: "hexpm", optional: false]}, {:nanoid, "~> 1.0", [hex: :nanoid, repo: "hexpm", optional: false]}], "hexpm"},
  "elixir_make": {:hex, :elixir_make, "0.4.2", "332c649d08c18bc1ecc73b1befc68c647136de4f340b548844efc796405743bf", [:mix], [], "hexpm"},
  "ex_cldr": {:hex, :ex_cldr, "1.6.2", "51f5bb463b371232b18640af22e47568e3bd9e8986175f362eb792a3b19ebf89", [:mix], [{:abnf2, "~> 0.1", [hex: :abnf2, repo: "hexpm", optional: false]}, {:decimal, "~> 1.4", [hex: :decimal, repo: "hexpm", optional: false]}, {:gettext, "~> 0.13", [hex: :gettext, repo: "hexpm", optional: true]}, {:jason, "~> 1.0", [hex: :jason, repo: "hexpm", optional: true]}, {:phoenix, "~> 1.3", [hex: :phoenix, repo: "hexpm", optional: true]}, {:plug, "~> 1.4", [hex: :plug, repo: "hexpm", optional: true]}, {:poison, "~> 2.1 or ~> 3.0", [hex: :poison, repo: "hexpm", optional: true]}, {:sweet_xml, "~> 0.6", [hex: :sweet_xml, repo: "hexpm", optional: true]}], "hexpm"},
  "ex_cldr_currencies": {:hex, :ex_cldr_currencies, "1.0.0", "471c6374cef63baec483bbca68e11ac804f66f1efa97c9885cff9be4b04d9ec4", [:mix], [{:ex_cldr, "~> 1.5", [hex: :ex_cldr, repo: "hexpm", optional: false]}, {:jason, "~> 1.0", [hex: :jason, repo: "hexpm", optional: true]}, {:poison, "~> 2.1 or ~> 3.1", [hex: :poison, repo: "hexpm", optional: true]}], "hexpm"},
  "ex_cldr_numbers": {:hex, :ex_cldr_numbers, "1.4.4", "88930ca709287261fb6b5635090b53617bdbbd1c4f17483393ca846b9fd5350a", [:mix], [{:decimal, "~> 1.4", [hex: :decimal, repo: "hexpm", optional: false]}, {:ex_cldr, "~> 1.5", [hex: :ex_cldr, repo: "hexpm", optional: false]}, {:ex_cldr_currencies, "~> 1.0", [hex: :ex_cldr_currencies, repo: "hexpm", optional: false]}, {:jason, "~> 1.0", [hex: :jason, repo: "hexpm", optional: true]}, {:poison, "~> 2.1 or ~> 3.1", [hex: :poison, repo: "hexpm", optional: true]}], "hexpm"},
  "ex_doc": {:hex, :ex_doc, "0.18.3", "f4b0e4a2ec6f333dccf761838a4b253d75e11f714b85ae271c9ae361367897b7", [:mix], [{:earmark, "~> 1.1", [hex: :earmark, repo: "hexpm", optional: false]}], "hexpm"},
  "ex_machina": {:hex, :ex_machina, "2.2.0", "fec496331e04fc2db2a1a24fe317c12c0c4a50d2beb8ebb3531ed1f0d84be0ed", [:mix], [{:ecto, "~> 2.1", [hex: :ecto, repo: "hexpm", optional: true]}], "hexpm"},
  "ex_money": {:hex, :ex_money, "2.6.1", "d9b5cd9c44c3f7707ce30682a969be325c638b31a25785be395241c156c7f36e", [:mix], [{:decimal, "~> 1.4", [hex: :decimal, repo: "hexpm", optional: false]}, {:ecto, "~> 2.1", [hex: :ecto, repo: "hexpm", optional: true]}, {:ex_cldr, "~> 1.6", [hex: :ex_cldr, repo: "hexpm", optional: false]}, {:ex_cldr_numbers, "~> 1.4", [hex: :ex_cldr_numbers, repo: "hexpm", optional: false]}, {:gringotts, "~>1.1", [hex: :gringotts, repo: "hexpm", optional: true]}, {:jason, "~> 1.0", [hex: :jason, repo: "hexpm", optional: true]}, {:phoenix_html, "~> 2.0", [hex: :phoenix_html, repo: "hexpm", optional: true]}, {:poison, "~> 2.2 or ~> 3.1", [hex: :poison, repo: "hexpm", optional: true]}], "hexpm"},
  "ex_region": {:git, "https://github.com/oyeb/ex_region.git", "d49b861c4df9f3fa5fc108d9f84b6b9e293789ce", [branch: "embed-json"]},
  "excoveralls": {:hex, :excoveralls, "0.8.2", "b941a08a1842d7aa629e0bbc969186a4cefdd035bad9fe15d43aaaaaeb8fae36", [:mix], [{:exjsx, ">= 3.0.0", [hex: :exjsx, repo: "hexpm", optional: false]}, {:hackney, ">= 0.12.0", [hex: :hackney, repo: "hexpm", optional: false]}], "hexpm"},
  "exjsx": {:hex, :exjsx, "4.0.0", "60548841e0212df401e38e63c0078ec57b33e7ea49b032c796ccad8cde794b5c", [:mix], [{:jsx, "~> 2.8.0", [hex: :jsx, repo: "hexpm", optional: false]}], "hexpm"},
  "exyz": {:hex, :exyz, "1.0.0", "9cc0cbdd0480c261a5d05ff72b294968b9ff69983efc392b78f6e584acfaf957", [:mix], [], "hexpm"},
  "file_system": {:hex, :file_system, "0.2.5", "a3060f063b116daf56c044c273f65202e36f75ec42e678dc10653056d3366054", [:mix], [], "hexpm"},
  "gen_smtp": {:hex, :gen_smtp, "0.12.0", "97d44903f5ca18ca85cb39aee7d9c77e98d79804bbdef56078adcf905cb2ef00", [:rebar3], [], "hexpm"},
  "gettext": {:hex, :gettext, "0.15.0", "40a2b8ce33a80ced7727e36768499fc9286881c43ebafccae6bab731e2b2b8ce", [:mix], [], "hexpm"},
  "git_hooks": {:hex, :git_hooks, "0.2.0", "3e437954b8dd8d63c723c25b6ae412766ad957a628d2c0aa3fd58cdf941c66c9", [:mix], [{:blankable, "~> 0.0.1", [hex: :blankable, repo: "hexpm", optional: false]}, {:recase, "~> 0.2", [hex: :recase, repo: "hexpm", optional: false]}], "hexpm"},
  "guardian": {:hex, :guardian, "1.1.0", "36c1ea356a1bac02bc120c3f91f4f0259c5aa0ee92cee0efe8def5d7401f1921", [:mix], [{:jose, "~> 1.8", [hex: :jose, repo: "hexpm", optional: false]}, {:phoenix, "~> 1.0 or ~> 1.2 or ~> 1.3", [hex: :phoenix, repo: "hexpm", optional: true]}, {:plug, "~> 1.3.3 or ~> 1.4", [hex: :plug, repo: "hexpm", optional: true]}, {:poison, "~> 2.2 or ~> 3.0", [hex: :poison, repo: "hexpm", optional: false]}, {:uuid, ">= 1.1.1", [hex: :uuid, repo: "hexpm", optional: false]}], "hexpm"},
  "hackney": {:hex, :hackney, "1.13.0", "24edc8cd2b28e1c652593833862435c80661834f6c9344e84b6a2255e7aeef03", [:rebar3], [{:certifi, "2.3.1", [hex: :certifi, repo: "hexpm", optional: false]}, {:idna, "5.1.2", [hex: :idna, repo: "hexpm", optional: false]}, {:metrics, "1.0.1", [hex: :metrics, repo: "hexpm", optional: false]}, {:mimerl, "1.0.2", [hex: :mimerl, repo: "hexpm", optional: false]}, {:ssl_verify_fun, "1.1.1", [hex: :ssl_verify_fun, repo: "hexpm", optional: false]}], "hexpm"},
  "idna": {:hex, :idna, "5.1.2", "e21cb58a09f0228a9e0b95eaa1217f1bcfc31a1aaa6e1fdf2f53a33f7dbd9494", [:rebar3], [{:unicode_util_compat, "0.3.1", [hex: :unicode_util_compat, repo: "hexpm", optional: false]}], "hexpm"},
  "inch_ex": {:hex, :inch_ex, "0.5.6", "418357418a553baa6d04eccd1b44171936817db61f4c0840112b420b8e378e67", [:mix], [{:poison, "~> 1.5 or ~> 2.0 or ~> 3.0", [hex: :poison, repo: "hexpm", optional: false]}], "hexpm"},
  "inflex": {:hex, :inflex, "1.10.0", "8366a7696e70e1813aca102e61274addf85d99f4a072b2f9c7984054ea1b9d29", [:mix], [], "hexpm"},
  "ja_serializer": {:hex, :ja_serializer, "0.13.0", "d098af07f4ba6f35c0dc602f6e454d19985bd750d208629438bceca2f6d2a627", [:mix], [{:inflex, "~> 1.4", [hex: :inflex, repo: "hexpm", optional: false]}, {:plug, "> 1.0.0", [hex: :plug, repo: "hexpm", optional: false]}, {:poison, ">= 1.4.0", [hex: :poison, repo: "hexpm", optional: false]}, {:scrivener, "~> 1.2 or ~> 2.0", [hex: :scrivener, repo: "hexpm", optional: true]}], "hexpm"},
  "jason": {:hex, :jason, "1.0.0", "0f7cfa9bdb23fed721ec05419bcee2b2c21a77e926bce0deda029b5adc716fe2", [:mix], [{:decimal, "~> 1.0", [hex: :decimal, repo: "hexpm", optional: true]}], "hexpm"},
  "jose": {:hex, :jose, "1.8.4", "7946d1e5c03a76ac9ef42a6e6a20001d35987afd68c2107bcd8f01a84e75aa73", [:mix, :rebar3], [{:base64url, "~> 0.0.1", [hex: :base64url, repo: "hexpm", optional: false]}], "hexpm"},
  "jsx": {:hex, :jsx, "2.8.3", "a05252d381885240744d955fbe3cf810504eb2567164824e19303ea59eef62cf", [:mix, :rebar3], [], "hexpm"},
  "metrics": {:hex, :metrics, "1.0.1", "25f094dea2cda98213cecc3aeff09e940299d950904393b2a29d191c346a8486", [:rebar3], [], "hexpm"},
  "mime": {:hex, :mime, "1.3.0", "5e8d45a39e95c650900d03f897fbf99ae04f60ab1daa4a34c7a20a5151b7a5fe", [:mix], [], "hexpm"},
  "mimerl": {:hex, :mimerl, "1.0.2", "993f9b0e084083405ed8252b99460c4f0563e41729ab42d9074fd5e52439be88", [:rebar3], [], "hexpm"},
  "mox": {:hex, :mox, "0.3.2", "3b9b8364fd4f28628139de701d97c636b27a8f925f57a8d5a1b85fbd620dad3a", [:mix], [], "hexpm"},
  "nanoid": {:hex, :nanoid, "1.0.1", "4f9bcecfbc0046795e1084e85b3d25da3721b36b949a672736492c5dfe901062", [:mix], [], "hexpm"},
  "params": {:hex, :params, "2.1.0", "fd22d84a26969b1595e6bc3548598690359a724ee7bac421150feb39a784098b", [:mix], [{:ecto, "~> 2.0", [hex: :ecto, repo: "hexpm", optional: false]}], "hexpm"},
  "parse_trans": {:hex, :parse_trans, "3.2.0", "2adfa4daf80c14dc36f522cf190eb5c4ee3e28008fc6394397c16f62a26258c2", [:rebar3], [], "hexpm"},
  "phoenix": {:hex, :phoenix, "1.3.3", "bafb5fa408d202e8d9f739e781bdb908446a2c1c1e00797c1158918ed55566a4", [:mix], [{:cowboy, "~> 1.0", [hex: :cowboy, repo: "hexpm", optional: true]}, {:phoenix_pubsub, "~> 1.0", [hex: :phoenix_pubsub, repo: "hexpm", optional: false]}, {:plug, "~> 1.3.3 or ~> 1.4", [hex: :plug, repo: "hexpm", optional: false]}, {:poison, "~> 2.2 or ~> 3.0", [hex: :poison, repo: "hexpm", optional: false]}], "hexpm"},
  "phoenix_ecto": {:hex, :phoenix_ecto, "3.3.0", "702f6e164512853d29f9d20763493f2b3bcfcb44f118af2bc37bb95d0801b480", [:mix], [{:ecto, "~> 2.1", [hex: :ecto, repo: "hexpm", optional: false]}, {:phoenix_html, "~> 2.9", [hex: :phoenix_html, repo: "hexpm", optional: true]}, {:plug, "~> 1.0", [hex: :plug, repo: "hexpm", optional: false]}], "hexpm"},
  "phoenix_html": {:hex, :phoenix_html, "2.11.2", "86ebd768258ba60a27f5578bec83095bdb93485d646fc4111db8844c316602d6", [:mix], [{:plug, "~> 1.5", [hex: :plug, repo: "hexpm", optional: false]}], "hexpm"},
  "phoenix_live_reload": {:hex, :phoenix_live_reload, "1.1.5", "8d4c9b1ef9ca82deee6deb5a038d6d8d7b34b9bb909d99784a49332e0d15b3dc", [:mix], [{:file_system, "~> 0.2.1 or ~> 0.3", [hex: :file_system, repo: "hexpm", optional: false]}, {:phoenix, "~> 1.0 or ~> 1.2 or ~> 1.3", [hex: :phoenix, repo: "hexpm", optional: false]}], "hexpm"},
  "phoenix_pubsub": {:hex, :phoenix_pubsub, "1.0.2", "bfa7fd52788b5eaa09cb51ff9fcad1d9edfeb68251add458523f839392f034c1", [:mix], [], "hexpm"},
  "phoenix_swoosh": {:hex, :phoenix_swoosh, "0.2.0", "a7e0b32077cd6d2323ae15198839b05d9caddfa20663fd85787479e81f89520e", [:mix], [{:phoenix, "~> 1.0", [hex: :phoenix, repo: "hexpm", optional: false]}, {:phoenix_html, "~> 2.2", [hex: :phoenix_html, repo: "hexpm", optional: false]}, {:swoosh, "~> 0.1", [hex: :swoosh, repo: "hexpm", optional: false]}], "hexpm"},
  "plug": {:hex, :plug, "1.6.0", "90d338a44c8cd762c32d3ea324f6728445c6145b51895403854b77f1536f1617", [:mix], [{:cowboy, "~> 1.0.1 or ~> 1.1 or ~> 2.4", [hex: :cowboy, repo: "hexpm", optional: true]}, {:mime, "~> 1.0", [hex: :mime, repo: "hexpm", optional: false]}], "hexpm"},
  "poison": {:hex, :poison, "3.1.0", "d9eb636610e096f86f25d9a46f35a9facac35609a7591b3be3326e99a0484665", [:mix], [], "hexpm"},
  "poolboy": {:hex, :poolboy, "1.5.1", "6b46163901cfd0a1b43d692657ed9d7e599853b3b21b95ae5ae0a777cf9b6ca8", [:rebar], [], "hexpm"},
  "postgrex": {:hex, :postgrex, "0.13.5", "3d931aba29363e1443da167a4b12f06dcd171103c424de15e5f3fc2ba3e6d9c5", [:mix], [{:connection, "~> 1.0", [hex: :connection, repo: "hexpm", optional: false]}, {:db_connection, "~> 1.1", [hex: :db_connection, repo: "hexpm", optional: false]}, {:decimal, "~> 1.0", [hex: :decimal, repo: "hexpm", optional: false]}], "hexpm"},
  "ranch": {:hex, :ranch, "1.3.2", "e4965a144dc9fbe70e5c077c65e73c57165416a901bd02ea899cfd95aa890986", [:rebar3], [], "hexpm"},
  "recase": {:hex, :recase, "0.3.0", "a3a6b2bfc9a1c3047b6f37d49ea52027ea59fd256505254b8e9d63c68d09ab89", [:mix], [], "hexpm"},
  "slugger": {:hex, :slugger, "0.3.0", "efc667ab99eee19a48913ccf3d038b1fb9f165fa4fbf093be898b8099e61b6ed", [:mix], [], "hexpm"},
  "snitch_payments": {:git, "https://github.com/aviabird/snitch_payments.git", "fd4f302d09ba182ce515d4849969bd47adeaba66", [branch: "develop"]},
  "ssl_verify_fun": {:hex, :ssl_verify_fun, "1.1.1", "28a4d65b7f59893bc2c7de786dec1e1555bd742d336043fe644ae956c3497fbe", [:make, :rebar], [], "hexpm"},
  "swoosh": {:hex, :swoosh, "0.15.0", "b5baf4cc8118e226ae7481c8ef31a71c46337dfbc5cc8b6050a2ee9bf2f44667", [:mix], [{:cowboy, "~> 1.0", [hex: :cowboy, repo: "hexpm", optional: true]}, {:gen_smtp, "~> 0.12", [hex: :gen_smtp, repo: "hexpm", optional: true]}, {:hackney, "~> 1.9", [hex: :hackney, repo: "hexpm", optional: false]}, {:jason, "~> 1.0", [hex: :jason, repo: "hexpm", optional: false]}, {:mime, "~> 1.1", [hex: :mime, repo: "hexpm", optional: false]}, {:plug, "~> 1.4", [hex: :plug, repo: "hexpm", optional: true]}], "hexpm"},
  "unicode_util_compat": {:hex, :unicode_util_compat, "0.3.1", "a1f612a7b512638634a603c8f401892afbf99b8ce93a45041f8aaca99cadb85e", [:rebar3], [], "hexpm"},
  "uuid": {:hex, :uuid, "1.1.8", "e22fc04499de0de3ed1116b770c7737779f226ceefa0badb3592e64d5cfb4eb9", [:mix], [], "hexpm"},
  "yamerl": {:hex, :yamerl, "0.7.0", "e51dba652dce74c20a88294130b48051ebbbb0be7d76f22de064f0f3ccf0aaf5", [:rebar3], [], "hexpm"},
  "yaml_elixir": {:hex, :yaml_elixir, "2.1.0", "79ec163e0f379dadf4b0e8b5162567dc1feb96c3cfa793105869e2c616ab4342", [:mix], [{:yamerl, "~> 0.7", [hex: :yamerl, repo: "hexpm", optional: false]}], "hexpm"},
  "zipper_tree": {:hex, :zipper_tree, "0.1.1", "e4d4a2bfdf958fea0aaf844e1b3ef457ea11d6331ba77a043b6b5606f6222a47", [:mix], [], "hexpm"},
}
